
Microsoft Visual Studio Solution File, Format Version 12.00
# Visual Studio 15
VisualStudioVersion = 15.0.28010.2016
MinimumVisualStudioVersion = 10.0.40219.1
Project("{FAE04EC0-301F-11D3-BF4B-00C04F79EFBC}") = "Diakont", "Diakont\Diakont.csproj", "{998EF9E0-A203-42A6-9C3E-A8788E1395E8}"
EndProject
Global
	GlobalSection(SolutionConfigurationPlatforms) = preSolution
		Debug|Any CPU = Debug|Any CPU
		Release|Any CPU = Release|Any CPU
	EndGlobalSection
	GlobalSection(ProjectConfigurationPlatforms) = postSolution
		{998EF9E0-A203-42A6-9C3E-A8788E1395E8}.Debug|Any CPU.ActiveCfg = Debug|Any CPU
		{998EF9E0-A203-42A6-9C3E-A8788E1395E8}.Debug|Any CPU.Build.0 = Debug|Any CPU
		{998EF9E0-A203-42A6-9C3E-A8788E1395E8}.Release|Any CPU.ActiveCfg = Release|Any CPU
		{998EF9E0-A203-42A6-9C3E-A8788E1395E8}.Release|Any CPU.Build.0 = Release|Any CPU
	EndGlobalSection
	GlobalSection(SolutionProperties) = preSolution
		HideSolutionNode = FALSE
	EndGlobalSection
	GlobalSection(ExtensibilityGlobals) = postSolution
		SolutionGuid = {A8DE27D5-29A5-4E81-9650-D0D20EB78921}
	EndGlobalSection
EndGlobal
